
Microsoft Visual Studio Solution File, Format Version 12.00
# Visual Studio 14
VisualStudioVersion = 14.0.25123.0
MinimumVisualStudioVersion = 10.0.40219.1
Project("{FAE04EC0-301F-11D3-BF4B-00C04F79EFBC}") = "MultiPageApplication.CustomControls", "MultiPageApplication.PageNavigator\MultiPageApplication.CustomControls.csproj", "{C5DFAC43-5363-4B79-9088-DC0A0A8CA678}"
EndProject
Project("{FAE04EC0-301F-11D3-BF4B-00C04F79EFBC}") = "MultiPageApplication.CommonModels", "MultiPageApplication.CommonModels\MultiPageApplication.CommonModels.csproj", "{970A51B5-596E-4ED1-80D0-13B37A2BC423}"
EndProject
Project("{FAE04EC0-301F-11D3-BF4B-00C04F79EFBC}") = "MultiPageApplication.CarCompany", "MultiPageApplication.CarCompany\MultiPageApplication.CarCompany.csproj", "{C758CE57-6267-4945-BED7-BCAE2E3F501E}"
EndProject
Global
	GlobalSection(SolutionConfigurationPlatforms) = preSolution
		Debug|Any CPU = Debug|Any CPU
		Debug|ARM = Debug|ARM
		Debug|x64 = Debug|x64
		Debug|x86 = Debug|x86
		Release|Any CPU = Release|Any CPU
		Release|ARM = Release|ARM
		Release|x64 = Release|x64
		Release|x86 = Release|x86
	EndGlobalSection
	GlobalSection(ProjectConfigurationPlatforms) = postSolution
		{C5DFAC43-5363-4B79-9088-DC0A0A8CA678}.Debug|Any CPU.ActiveCfg = Debug|Any CPU
		{C5DFAC43-5363-4B79-9088-DC0A0A8CA678}.Debug|Any CPU.Build.0 = Debug|Any CPU
		{C5DFAC43-5363-4B79-9088-DC0A0A8CA678}.Debug|ARM.ActiveCfg = Debug|ARM
		{C5DFAC43-5363-4B79-9088-DC0A0A8CA678}.Debug|ARM.Build.0 = Debug|ARM
		{C5DFAC43-5363-4B79-9088-DC0A0A8CA678}.Debug|x64.ActiveCfg = Debug|x64
		{C5DFAC43-5363-4B79-9088-DC0A0A8CA678}.Debug|x64.Build.0 = Debug|x64
		{C5DFAC43-5363-4B79-9088-DC0A0A8CA678}.Debug|x86.ActiveCfg = Debug|x86
		{C5DFAC43-5363-4B79-9088-DC0A0A8CA678}.Debug|x86.Build.0 = Debug|x86
		{C5DFAC43-5363-4B79-9088-DC0A0A8CA678}.Release|Any CPU.ActiveCfg = Release|Any CPU
		{C5DFAC43-5363-4B79-9088-DC0A0A8CA678}.Release|Any CPU.Build.0 = Release|Any CPU
		{C5DFAC43-5363-4B79-9088-DC0A0A8CA678}.Release|ARM.ActiveCfg = Release|ARM
		{C5DFAC43-5363-4B79-9088-DC0A0A8CA678}.Release|ARM.Build.0 = Release|ARM
		{C5DFAC43-5363-4B79-9088-DC0A0A8CA678}.Release|x64.ActiveCfg = Release|x64
		{C5DFAC43-5363-4B79-9088-DC0A0A8CA678}.Release|x64.Build.0 = Release|x64
		{C5DFAC43-5363-4B79-9088-DC0A0A8CA678}.Release|x86.ActiveCfg = Release|x86
		{C5DFAC43-5363-4B79-9088-DC0A0A8CA678}.Release|x86.Build.0 = Release|x86
		{970A51B5-596E-4ED1-80D0-13B37A2BC423}.Debug|Any CPU.ActiveCfg = Debug|Any CPU
		{970A51B5-596E-4ED1-80D0-13B37A2BC423}.Debug|Any CPU.Build.0 = Debug|Any CPU
		{970A51B5-596E-4ED1-80D0-13B37A2BC423}.Debug|ARM.ActiveCfg = Debug|ARM
		{970A51B5-596E-4ED1-80D0-13B37A2BC423}.Debug|ARM.Build.0 = Debug|ARM
		{970A51B5-596E-4ED1-80D0-13B37A2BC423}.Debug|x64.ActiveCfg = Debug|x64
		{970A51B5-596E-4ED1-80D0-13B37A2BC423}.Debug|x64.Build.0 = Debug|x64
		{970A51B5-596E-4ED1-80D0-13B37A2BC423}.Debug|x86.ActiveCfg = Debug|x86
		{970A51B5-596E-4ED1-80D0-13B37A2BC423}.Debug|x86.Build.0 = Debug|x86
		{970A51B5-596E-4ED1-80D0-13B37A2BC423}.Release|Any CPU.ActiveCfg = Release|Any CPU
		{970A51B5-596E-4ED1-80D0-13B37A2BC423}.Release|Any CPU.Build.0 = Release|Any CPU
		{970A51B5-596E-4ED1-80D0-13B37A2BC423}.Release|ARM.ActiveCfg = Release|ARM
		{970A51B5-596E-4ED1-80D0-13B37A2BC423}.Release|ARM.Build.0 = Release|ARM
		{970A51B5-596E-4ED1-80D0-13B37A2BC423}.Release|x64.ActiveCfg = Release|x64
		{970A51B5-596E-4ED1-80D0-13B37A2BC423}.Release|x64.Build.0 = Release|x64
		{970A51B5-596E-4ED1-80D0-13B37A2BC423}.Release|x86.ActiveCfg = Release|x86
		{970A51B5-596E-4ED1-80D0-13B37A2BC423}.Release|x86.Build.0 = Release|x86
		{C758CE57-6267-4945-BED7-BCAE2E3F501E}.Debug|Any CPU.ActiveCfg = Debug|Any CPU
		{C758CE57-6267-4945-BED7-BCAE2E3F501E}.Debug|Any CPU.Build.0 = Debug|Any CPU
		{C758CE57-6267-4945-BED7-BCAE2E3F501E}.Debug|Any CPU.Deploy.0 = Debug|Any CPU
		{C758CE57-6267-4945-BED7-BCAE2E3F501E}.Debug|ARM.ActiveCfg = Debug|ARM
		{C758CE57-6267-4945-BED7-BCAE2E3F501E}.Debug|ARM.Build.0 = Debug|ARM
		{C758CE57-6267-4945-BED7-BCAE2E3F501E}.Debug|ARM.Deploy.0 = Debug|ARM
		{C758CE57-6267-4945-BED7-BCAE2E3F501E}.Debug|x64.ActiveCfg = Debug|x64
		{C758CE57-6267-4945-BED7-BCAE2E3F501E}.Debug|x64.Build.0 = Debug|x64
		{C758CE57-6267-4945-BED7-BCAE2E3F501E}.Debug|x64.Deploy.0 = Debug|x64
		{C758CE57-6267-4945-BED7-BCAE2E3F501E}.Debug|x86.ActiveCfg = Debug|x86
		{C758CE57-6267-4945-BED7-BCAE2E3F501E}.Debug|x86.Build.0 = Debug|x86
		{C758CE57-6267-4945-BED7-BCAE2E3F501E}.Debug|x86.Deploy.0 = Debug|x86
		{C758CE57-6267-4945-BED7-BCAE2E3F501E}.Release|Any CPU.ActiveCfg = Release|Any CPU
		{C758CE57-6267-4945-BED7-BCAE2E3F501E}.Release|Any CPU.Build.0 = Release|Any CPU
		{C758CE57-6267-4945-BED7-BCAE2E3F501E}.Release|Any CPU.Deploy.0 = Release|Any CPU
		{C758CE57-6267-4945-BED7-BCAE2E3F501E}.Release|ARM.ActiveCfg = Release|ARM
		{C758CE57-6267-4945-BED7-BCAE2E3F501E}.Release|ARM.Build.0 = Release|ARM
		{C758CE57-6267-4945-BED7-BCAE2E3F501E}.Release|ARM.Deploy.0 = Release|ARM
		{C758CE57-6267-4945-BED7-BCAE2E3F501E}.Release|x64.ActiveCfg = Release|x64
		{C758CE57-6267-4945-BED7-BCAE2E3F501E}.Release|x64.Build.0 = Release|x64
		{C758CE57-6267-4945-BED7-BCAE2E3F501E}.Release|x64.Deploy.0 = Release|x64
		{C758CE57-6267-4945-BED7-BCAE2E3F501E}.Release|x86.ActiveCfg = Release|x86
		{C758CE57-6267-4945-BED7-BCAE2E3F501E}.Release|x86.Build.0 = Release|x86
		{C758CE57-6267-4945-BED7-BCAE2E3F501E}.Release|x86.Deploy.0 = Release|x86
	EndGlobalSection
	GlobalSection(SolutionProperties) = preSolution
		HideSolutionNode = FALSE
	EndGlobalSection
EndGlobal
